
Microsoft Visual Studio Solution File, Format Version 12.00
# Visual Studio Version 16
VisualStudioVersion = 16.0.29503.13
MinimumVisualStudioVersion = 10.0.40219.1
Project("{FAE04EC0-301F-11D3-BF4B-00C04F79EFBC}") = "WebApplication1", "WebApplication1.csproj", "{3898F0E7-BCB2-4C55-9275-65C90E20E3CB}"
EndProject
Global
	GlobalSection(SolutionConfigurationPlatforms) = preSolution
		Debug|Any CPU = Debug|Any CPU
		Release|Any CPU = Release|Any CPU
	EndGlobalSection
	GlobalSection(ProjectConfigurationPlatforms) = postSolution
		{3898F0E7-BCB2-4C55-9275-65C90E20E3CB}.Debug|Any CPU.ActiveCfg = Debug|Any CPU
		{3898F0E7-BCB2-4C55-9275-65C90E20E3CB}.Debug|Any CPU.Build.0 = Debug|Any CPU
		{3898F0E7-BCB2-4C55-9275-65C90E20E3CB}.Release|Any CPU.ActiveCfg = Release|Any CPU
		{3898F0E7-BCB2-4C55-9275-65C90E20E3CB}.Release|Any CPU.Build.0 = Release|Any CPU
	EndGlobalSection
	GlobalSection(SolutionProperties) = preSolution
		HideSolutionNode = FALSE
	EndGlobalSection
	GlobalSection(ExtensibilityGlobals) = postSolution
		SolutionGuid = {A15E8645-E662-4B4B-AF7D-5ED1B74D9037}
	EndGlobalSection
EndGlobal
